Microsoft Visual Studio Solution File, Format Version 12.00
# Visual Studio Version 17
VisualStudioVersion = 17.5.2.0
MinimumVisualStudioVersion = 10.0.40219.1
Project("{FAE04EC0-301F-11D3-BF4B-00C04F79EFBC}") = "governanceApi", "governanceApi.csproj", "{BF1E9A8F-F763-BF42-E133-5E15102F6631}"
EndProject
Global
	GlobalSection(SolutionConfigurationPlatforms) = preSolution
		Debug|Any CPU = Debug|Any CPU
		Release|Any CPU = Release|Any CPU
	EndGlobalSection
	GlobalSection(ProjectConfigurationPlatforms) = postSolution
		{BF1E9A8F-F763-BF42-E133-5E15102F6631}.Debug|Any CPU.ActiveCfg = Debug|Any CPU
		{BF1E9A8F-F763-BF42-E133-5E15102F6631}.Debug|Any CPU.Build.0 = Debug|Any CPU
		{BF1E9A8F-F763-BF42-E133-5E15102F6631}.Release|Any CPU.ActiveCfg = Release|Any CPU
		{BF1E9A8F-F763-BF42-E133-5E15102F6631}.Release|Any CPU.Build.0 = Release|Any CPU
	EndGlobalSection
	GlobalSection(SolutionProperties) = preSolution
		HideSolutionNode = FALSE
	EndGlobalSection
	GlobalSection(ExtensibilityGlobals) = postSolution
		SolutionGuid = {F6B6B7B7-FA9F-4BA7-91D6-9666BC69D74B}
	EndGlobalSection
EndGlobal
